{
  "name": "default",
  "version": "1.0.0",
  "lockfileVersion": 1,
  "requires": true,
  "dependencies": {
    "@ohos/component": {
      "version": "file:../../features",
      "requires": {
        "@ohos/source": "file:../../common/resources",
        "@ohos/utils": "file:../../common/utils"
      },
      "dependencies": {
        "@ohos/source": {
          "version": "file:../../common/resources"
        },
        "@ohos/utils": {
          "version": "file:../../common/utils",
          "requires": {
            "@ohos/source": "file:../../common/resources"
          },
          "dependencies": {
            "@ohos/source": {
              "version": "file:../../common/resources"
            }
          }
        }
      }
    },
    "@ohos/source": {
      "version": "file:../../common/resources"
    },
    "@ohos/utils": {
      "version": "file:../../common/utils",
      "requires": {
        "@ohos/source": "file:../../common/resources"
      },
      "dependencies": {
        "@ohos/source": {
          "version": "file:../../common/resources"
        }
      }
    }
  }
}
