{
  "name": "@ohos/component",
  "version": "1.0.0",
  "lockfileVersion": 1,
  "requires": true,
  "dependencies": {
    "@ohos/source": {
      "version": "file:../common/resources"
    },
    "@ohos/utils": {
      "version": "file:../common/utils",
      "requires": {
        "@ohos/source": "file:../common/resources"
      },
      "dependencies": {
        "@ohos/source": {
          "version": "file:../common/resources"
        }
      }
    }
  }
}
